
Microsoft Visual Studio Solution File, Format Version 12.00
# Visual Studio Version 17
VisualStudioVersion = 17.0.31903.59
MinimumVisualStudioVersion = 10.0.40219.1
Project("{FAE04EC0-301F-11D3-BF4B-00C04F79EFBC}") = "blazorapp", "src\blazorapp.csproj", "{667CE94E-9C70-4828-B3E2-BC1154A32445}"
EndProject
Global
	GlobalSection(SolutionConfigurationPlatforms) = preSolution
		Debug|Any CPU = Debug|Any CPU
		Release|Any CPU = Release|Any CPU
	EndGlobalSection
	GlobalSection(SolutionProperties) = preSolution
		HideSolutionNode = FALSE
	EndGlobalSection
	GlobalSection(ProjectConfigurationPlatforms) = postSolution
		{667CE94E-9C70-4828-B3E2-BC1154A32445}.Debug|Any CPU.ActiveCfg = Debug|Any CPU
		{667CE94E-9C70-4828-B3E2-BC1154A32445}.Debug|Any CPU.Build.0 = Debug|Any CPU
		{667CE94E-9C70-4828-B3E2-BC1154A32445}.Release|Any CPU.ActiveCfg = Release|Any CPU
		{667CE94E-9C70-4828-B3E2-BC1154A32445}.Release|Any CPU.Build.0 = Release|Any CPU
		{F2C9ACCE-4AF9-425E-95FD-5EEC96E86A7C}.Debug|Any CPU.ActiveCfg = Debug|Any CPU
		{F2C9ACCE-4AF9-425E-95FD-5EEC96E86A7C}.Debug|Any CPU.Build.0 = Debug|Any CPU
		{F2C9ACCE-4AF9-425E-95FD-5EEC96E86A7C}.Release|Any CPU.ActiveCfg = Release|Any CPU
		{F2C9ACCE-4AF9-425E-95FD-5EEC96E86A7C}.Release|Any CPU.Build.0 = Release|Any CPU
	EndGlobalSection
EndGlobal
